// !$*UTF8*$!
{
	archiveVersion = 1;
	classes = {
	};
	objectVersion = 50;
	objects = {

/* Begin PBXBuildFile section */
		DD19DBAE234F138900BD3442 /* AppDelegate.swift in Sources */ = {isa = PBXBuildFile; fileRef = DD19DBAD234F138900BD3442 /* AppDelegate.swift */; };
		DD19DBB0234F138900BD3442 /* ViewController.swift in Sources */ = {isa = PBXBuildFile; fileRef = DD19DBAF234F138900BD3442 /* ViewController.swift */; };
		DD19DBB3234F138900BD3442 /* Main.storyboard in Resources */ = {isa = PBXBuildFile; fileRef = DD19DBB1234F138900BD3442 /* Main.storyboard */; };
		DD19DBB5234F138D00BD3442 /* Assets.xcassets in Resources */ = {isa = PBXBuildFile; fileRef = DD19DBB4234F138D00BD3442 /* Assets.xcassets */; };
		DD19DBB8234F138D00BD3442 /* LaunchScreen.storyboard in Resources */ = {isa = PBXBuildFile; fileRef = DD19DBB6234F138D00BD3442 /* LaunchScreen.storyboard */; };
		DD19DBC2234F142E00BD3442 /* Animal.swift in Sources */ = {isa = PBXBuildFile; fileRef = DD19DBC1234F142E00BD3442 /* Animal.swift */; };
		DD19DBC4234F187900BD3442 /* AnimalsTableViewController.swift in Sources */ = {isa = PBXBuildFile; fileRef = DD19DBC3234F187900BD3442 /* AnimalsTableViewController.swift */; };
		DD19DBC6234F2FA000BD3442 /* animalCell.swift in Sources */ = {isa = PBXBuildFile; fileRef = DD19DBC5234F2FA000BD3442 /* animalCell.swift */; };
		DD19DBC8234F2FDB00BD3442 /* animalInfoCell.swift in Sources */ = {isa = PBXBuildFile; fileRef = DD19DBC7234F2FDB00BD3442 /* animalInfoCell.swift */; };
/* End PBXBuildFile section */

/* Begin PBXFileReference section */
		DD19DBAA234F138900BD3442 /* Assignment 5.app */ = {isa = PBXFileReference; explicitFileType = wrapper.application; includeInIndex = 0; path = "Assignment 5.app"; sourceTree = BUILT_PRODUCTS_DIR; };
		DD19DBAD234F138900BD3442 /* AppDelegate.swift */ = {isa = PBXFileReference; lastKnownFileType = sourcecode.swift; path = AppDelegate.swift; sourceTree = "<group>"; };
		DD19DBAF234F138900BD3442 /* ViewController.swift */ = {isa = PBXFileReference; lastKnownFileType = sourcecode.swift; path = ViewController.swift; sourceTree = "<group>"; };
		DD19DBB2234F138900BD3442 /* Base */ = {isa = PBXFileReference; lastKnownFileType = file.storyboard; name = Base; path = Base.lproj/Main.storyboard; sourceTree = "<group>"; };
		DD19DBB4234F138D00BD3442 /* Assets.xcassets */ = {isa = PBXFileReference; lastKnownFileType = folder.assetcatalog; path = Assets.xcassets; sourceTree = "<group>"; };
		DD19DBB7234F138D00BD3442 /* Base */ = {isa = PBXFileReference; lastKnownFileType = file.storyboard; name = Base; path = Base.lproj/LaunchScreen.storyboard; sourceTree = "<group>"; };
		DD19DBB9234F138D00BD3442 /* Info.plist */ = {isa = PBXFileReference; lastKnownFileType = text.plist.xml; path = Info.plist; sourceTree = "<group>"; };
		DD19DBC1234F142E00BD3442 /* Animal.swift */ = {isa = PBXFileReference; lastKnownFileType = sourcecode.swift; path = Animal.swift; sourceTree = "<group>"; };
		DD19DBC3234F187900BD3442 /* AnimalsTableViewController.swift */ = {isa = PBXFileReference; lastKnownFileType = sourcecode.swift; path = AnimalsTableViewController.swift; sourceTree = "<group>"; };
		DD19DBC5234F2FA000BD3442 /* animalCell.swift */ = {isa = PBXFileReference; lastKnownFileType = sourcecode.swift; path = animalCell.swift; sourceTree = "<group>"; };
		DD19DBC7234F2FDB00BD3442 /* animalInfoCell.swift */ = {isa = PBXFileReference; lastKnownFileType = sourcecode.swift; path = animalInfoCell.swift; sourceTree = "<group>"; };
/* End PBXFileReference section */

/* Begin PBXFrameworksBuildPhase section */
		DD19DBA7234F138900BD3442 /* Frameworks */ = {
			isa = PBXFrameworksBuildPhase;
			buildActionMask = 2147483647;
			files = (
			);
			runOnlyForDeploymentPostprocessing = 0;
		};
/* End PBXFrameworksBuildPhase section */

/* Begin PBXGroup section */
		DD19DBA1234F138900BD3442 = {
			isa = PBXGroup;
			children = (
				DD19DBAC234F138900BD3442 /* Assignment 5 */,
				DD19DBAB234F138900BD3442 /* Products */,
			);
			sourceTree = "<group>";
		};
		DD19DBAB234F138900BD3442 /* Products */ = {
			isa = PBXGroup;
			children = (
				DD19DBAA234F138900BD3442 /* Assignment 5.app */,
			);
			name = Products;
			sourceTree = "<group>";
		};
		DD19DBAC234F138900BD3442 /* Assignment 5 */ = {
			isa = PBXGroup;
			children = (
				DD19DBC1234F142E00BD3442 /* Animal.swift */,
				DD19DBAD234F138900BD3442 /* AppDelegate.swift */,
				DD19DBAF234F138900BD3442 /* ViewController.swift */,
				DD19DBB1234F138900BD3442 /* Main.storyboard */,
				DD19DBC5234F2FA000BD3442 /* animalCell.swift */,
				DD19DBC7234F2FDB00BD3442 /* animalInfoCell.swift */,
				DD19DBC3234F187900BD3442 /* AnimalsTableViewController.swift */,
				DD19DBB4234F138D00BD3442 /* Assets.xcassets */,
				DD19DBB6234F138D00BD3442 /* LaunchScreen.storyboard */,
				DD19DBB9234F138D00BD3442 /* Info.plist */,
			);
			path = "Assignment 5";
			sourceTree = "<group>";
		};
/* End PBXGroup section */

/* Begin PBXNativeTarget section */
		DD19DBA9234F138900BD3442 /* Assignment 5 */ = {
			isa = PBXNativeTarget;
			buildConfigurationList = DD19DBBC234F138D00BD3442 /* Build configuration list for PBXNativeTarget "Assignment 5" */;
			buildPhases = (
				DD19DBA6234F138900BD3442 /* Sources */,
				DD19DBA7234F138900BD3442 /* Frameworks */,
				DD19DBA8234F138900BD3442 /* Resources */,
			);
			buildRules = (
			);
			dependencies = (
			);
			name = "Assignment 5";
			productName = "Assignment 5";
			productReference = DD19DBAA234F138900BD3442 /* Assignment 5.app */;
			productType = "com.apple.product-type.application";
		};
/* End PBXNativeTarget section */

/* Begin PBXProject section */
		DD19DBA2234F138900BD3442 /* Project object */ = {
			isa = PBXProject;
			attributes = {
				LastSwiftUpdateCheck = 1030;
				LastUpgradeCheck = 1030;
				ORGANIZATIONNAME = cs329e;
				TargetAttributes = {
					DD19DBA9234F138900BD3442 = {
						CreatedOnToolsVersion = 10.3;
					};
				};
			};
			buildConfigurationList = DD19DBA5234F138900BD3442 /* Build configuration list for PBXProject "Assignment 5" */;
			compatibilityVersion = "Xcode 9.3";
			developmentRegion = en;
			hasScannedForEncodings = 0;
			knownRegions = (
				en,
				Base,
			);
			mainGroup = DD19DBA1234F138900BD3442;
			productRefGroup = DD19DBAB234F138900BD3442 /* Products */;
			projectDirPath = "";
			projectRoot = "";
			targets = (
				DD19DBA9234F138900BD3442 /* Assignment 5 */,
			);
		};
/* End PBXProject section */

/* Begin PBXResourcesBuildPhase section */
		DD19DBA8234F138900BD3442 /* Resources */ = {
			isa = PBXResourcesBuildPhase;
			buildActionMask = 2147483647;
			files = (
				DD19DBB8234F138D00BD3442 /* LaunchScreen.storyboard in Resources */,
				DD19DBB5234F138D00BD3442 /* Assets.xcassets in Resources */,
				DD19DBB3234F138900BD3442 /* Main.storyboard in Resources */,
			);
			runOnlyForDeploymentPostprocessing = 0;
		};
/* End PBXResourcesBuildPhase section */

/* Begin PBXSourcesBuildPhase section */
		DD19DBA6234F138900BD3442 /* Sources */ = {
			isa = PBXSourcesBuildPhase;
			buildActionMask = 2147483647;
			files = (
				DD19DBC6234F2FA000BD3442 /* animalCell.swift in Sources */,
				DD19DBB0234F138900BD3442 /* ViewController.swift in Sources */,
				DD19DBAE234F138900BD3442 /* AppDelegate.swift in Sources */,
				DD19DBC4234F187900BD3442 /* AnimalsTableViewController.swift in Sources */,
				DD19DBC2234F142E00BD3442 /* Animal.swift in Sources */,
				DD19DBC8234F2FDB00BD3442 /* animalInfoCell.swift in Sources */,
			);
			runOnlyForDeploymentPostprocessing = 0;
		};
/* End PBXSourcesBuildPhase section */

/* Begin PBXVariantGroup section */
		DD19DBB1234F138900BD3442 /* Main.storyboard */ = {
			isa = PBXVariantGroup;
			children = (
				DD19DBB2234F138900BD3442 /* Base */,
			);
			name = Main.storyboard;
			sourceTree = "<group>";
		};
		DD19DBB6234F138D00BD3442 /* LaunchScreen.storyboard */ = {
			isa = PBXVariantGroup;
			children = (
				DD19DBB7234F138D00BD3442 /* Base */,
			);
			name = LaunchScreen.storyboard;
			sourceTree = "<group>";
		};
/* End PBXVariantGroup section */

/* Begin XCBuildConfiguration section */
		DD19DBBA234F138D00BD3442 /* Debug */ = {
			isa = XCBuildConfiguration;
			buildSettings = {
				ALWAYS_SEARCH_USER_PATHS = NO;
				CLANG_ANALYZER_NONNULL = YES;
				CLANG_ANALYZER_NUMBER_OBJECT_CONVERSION = YES_AGGRESSIVE;
				CLANG_CXX_LANGUAGE_STANDARD = "gnu++14";
				CLANG_CXX_LIBRARY = "libc++";
				CLANG_ENABLE_MODULES = YES;
				CLANG_ENABLE_OBJC_ARC = YES;
				CLANG_ENABLE_OBJC_WEAK = YES;
				CLANG_WARN_BLOCK_CAPTURE_AUTORELEASING = YES;
				CLANG_WARN_BOOL_CONVERSION = YES;
				CLANG_WARN_COMMA = YES;
				CLANG_WARN_CONSTANT_CONVERSION = YES;
				CLANG_WARN_DEPRECATED_OBJC_IMPLEMENTATIONS = YES;
				CLANG_WARN_DIRECT_OBJC_ISA_USAGE = YES_ERROR;
				CLANG_WARN_DOCUMENTATION_COMMENTS = YES;
				CLANG_WARN_EMPTY_BODY = YES;
				CLANG_WARN_ENUM_CONVERSION = YES;
				CLANG_WARN_INFINITE_RECURSION = YES;
				CLANG_WARN_INT_CONVERSION = YES;
				CLANG_WARN_NON_LITERAL_NULL_CONVERSION = YES;
				CLANG_WARN_OBJC_IMPLICIT_RETAIN_SELF = YES;
				CLANG_WARN_OBJC_LITERAL_CONVERSION = YES;
				CLANG_WARN_OBJC_ROOT_CLASS = YES_ERROR;
				CLANG_WARN_RANGE_LOOP_ANALYSIS = YES;
				CLANG_WARN_STRICT_PROTOTYPES = YES;
				CLANG_WARN_SUSPICIOUS_MOVE = YES;
				CLANG_WARN_UNGUARDED_AVAILABILITY = YES_AGGRESSIVE;
				CLANG_WARN_UNREACHABLE_CODE = YES;
				CLANG_WARN__DUPLICATE_METHOD_MATCH = YES;
				CODE_SIGN_IDENTITY = "iPhone Developer";
				COPY_PHASE_STRIP = NO;
				DEBUG_INFORMATION_FORMAT = dwarf;
				ENABLE_STRICT_OBJC_MSGSEND = YES;
				ENABLE_TESTABILITY = YES;
				GCC_C_LANGUAGE_STANDARD = gnu11;
				GCC_DYNAMIC_NO_PIC = NO;
				GCC_NO_COMMON_BLOCKS = YES;
				GCC_OPTIMIZATION_LEVEL = 0;
				GCC_PREPROCESSOR_DEFINITIONS = (
					"DEBUG=1",
					"$(inherited)",
				);
				GCC_WARN_64_TO_32_BIT_CONVERSION = YES;
				GCC_WARN_ABOUT_RETURN_TYPE = YES_ERROR;
				GCC_WARN_UNDECLARED_SELECTOR = YES;
				GCC_WARN_UNINITIALIZED_AUTOS = YES_AGGRESSIVE;
				GCC_WARN_UNUSED_FUNCTION = YES;
				GCC_WARN_UNUSED_VARIABLE = YES;
				IPHONEOS_DEPLOYMENT_TARGET = 12.4;
				MTL_ENABLE_DEBUG_INFO = INCLUDE_SOURCE;
				MTL_FAST_MATH = YES;
				ONLY_ACTIVE_ARCH = YES;
				SDKROOT = iphoneos;
				SWIFT_ACTIVE_COMPILATION_CONDITIONS = DEBUG;
				SWIFT_OPTIMIZATION_LEVEL = "-Onone";
			};
			name = Debug;
		};
		DD19DBBB234F138D00BD3442 /* Release */ = {
			isa = XCBuildConfiguration;
			buildSettings = {
				ALWAYS_SEARCH_USER_PATHS = NO;
				CLANG_ANALYZER_NONNULL = YES;
				CLANG_ANALYZER_NUMBER_OBJECT_CONVERSION = YES_AGGRESSIVE;
				CLANG_CXX_LANGUAGE_STANDARD = "gnu++14";
				CLANG_CXX_LIBRARY = "libc++";
				CLANG_ENABLE_MODULES = YES;
				CLANG_ENABLE_OBJC_ARC = YES;
				CLANG_ENABLE_OBJC_WEAK = YES;
				CLANG_WARN_BLOCK_CAPTURE_AUTORELEASING = YES;
				CLANG_WARN_BOOL_CONVERSION = YES;
				CLANG_WARN_COMMA = YES;
				CLANG_WARN_CONSTANT_CONVERSION = YES;
				CLANG_WARN_DEPRECATED_OBJC_IMPLEMENTATIONS = YES;
				CLANG_WARN_DIRECT_OBJC_ISA_USAGE = YES_ERROR;
				CLANG_WARN_DOCUMENTATION_COMMENTS = YES;
				CLANG_WARN_EMPTY_BODY = YES;
				CLANG_WARN_ENUM_CONVERSION = YES;
				CLANG_WARN_INFINITE_RECURSION = YES;
				CLANG_WARN_INT_CONVERSION = YES;
				CLANG_WARN_NON_LITERAL_NULL_CONVERSION = YES;
				CLANG_WARN_OBJC_IMPLICIT_RETAIN_SELF = YES;
				CLANG_WARN_OBJC_LITERAL_CONVERSION = YES;
				CLANG_WARN_OBJC_ROOT_CLASS = YES_ERROR;
				CLANG_WARN_RANGE_LOOP_ANALYSIS = YES;
				CLANG_WARN_STRICT_PROTOTYPES = YES;
				CLANG_WARN_SUSPICIOUS_MOVE = YES;
				CLANG_WARN_UNGUARDED_AVAILABILITY = YES_AGGRESSIVE;
				CLANG_WARN_UNREACHABLE_CODE = YES;
				CLANG_WARN__DUPLICATE_METHOD_MATCH = YES;
				CODE_SIGN_IDENTITY = "iPhone Developer";
				COPY_PHASE_STRIP = NO;
				DEBUG_INFORMATION_FORMAT = "dwarf-with-dsym";
				ENABLE_NS_ASSERTIONS = NO;
				ENABLE_STRICT_OBJC_MSGSEND = YES;
				GCC_C_LANGUAGE_STANDARD = gnu11;
				GCC_NO_COMMON_BLOCKS = YES;
				GCC_WARN_64_TO_32_BIT_CONVERSION = YES;
				GCC_WARN_ABOUT_RETURN_TYPE = YES_ERROR;
				GCC_WARN_UNDECLARED_SELECTOR = YES;
				GCC_WARN_UNINITIALIZED_AUTOS = YES_AGGRESSIVE;
				GCC_WARN_UNUSED_FUNCTION = YES;
				GCC_WARN_UNUSED_VARIABLE = YES;
				IPHONEOS_DEPLOYMENT_TARGET = 12.4;
				MTL_ENABLE_DEBUG_INFO = NO;
				MTL_FAST_MATH = YES;
				SDKROOT = iphoneos;
				SWIFT_COMPILATION_MODE = wholemodule;
				SWIFT_OPTIMIZATION_LEVEL = "-O";
				VALIDATE_PRODUCT = YES;
			};
			name = Release;
		};
		DD19DBBD234F138D00BD3442 /* Debug */ = {
			isa = XCBuildConfiguration;
			buildSettings = {
				ASSETCATALOG_COMPILER_APPICON_NAME = AppIcon;
				CODE_SIGN_STYLE = Automatic;
				INFOPLIST_FILE = "Assignment 5/Info.plist";
				LD_RUNPATH_SEARCH_PATHS = (
					"$(inherited)",
					"@executable_path/Frameworks",
				);
				PRODUCT_BUNDLE_IDENTIFIER = "UT.Assignment-5";
				PRODUCT_NAME = "$(TARGET_NAME)";
				SWIFT_VERSION = 5.0;
				TARGETED_DEVICE_FAMILY = "1,2";
			};
			name = Debug;
		};
		DD19DBBE234F138D00BD3442 /* Release */ = {
			isa = XCBuildConfiguration;
			buildSettings = {
				ASSETCATALOG_COMPILER_APPICON_NAME = AppIcon;
				CODE_SIGN_STYLE = Automatic;
				INFOPLIST_FILE = "Assignment 5/Info.plist";
				LD_RUNPATH_SEARCH_PATHS = (
					"$(inherited)",
					"@executable_path/Frameworks",
				);
				PRODUCT_BUNDLE_IDENTIFIER = "UT.Assignment-5";
				PRODUCT_NAME = "$(TARGET_NAME)";
				SWIFT_VERSION = 5.0;
				TARGETED_DEVICE_FAMILY = "1,2";
			};
			name = Release;
		};
/* End XCBuildConfiguration section */

/* Begin XCConfigurationList section */
		DD19DBA5234F138900BD3442 /* Build configuration list for PBXProject "Assignment 5" */ = {
			isa = XCConfigurationList;
			buildConfigurations = (
				DD19DBBA234F138D00BD3442 /* Debug */,
				DD19DBBB234F138D00BD3442 /* Release */,
			);
			defaultConfigurationIsVisible = 0;
			defaultConfigurationName = Release;
		};
		DD19DBBC234F138D00BD3442 /* Build configuration list for PBXNativeTarget "Assignment 5" */ = {
			isa = XCConfigurationList;
			buildConfigurations = (
				DD19DBBD234F138D00BD3442 /* Debug */,
				DD19DBBE234F138D00BD3442 /* Release */,
			);
			defaultConfigurationIsVisible = 0;
			defaultConfigurationName = Release;
		};
/* End XCConfigurationList section */
	};
	rootObject = DD19DBA2234F138900BD3442 /* Project object */;
}
